{
  "nodes": {
    "cli-tools": {
      "inputs": {
        "nixpkgs": [
          "nixpkgs"
        ],
        "rust-overlay": "rust-overlay"
      },
      "locked": {
        "path": "cli-tools",
        "type": "path"
      },
      "original": {
        "path": "cli-tools",
        "type": "path"
      },
      "parent": []
    },
    "common-desktop-tools": {
      "inputs": {
        "cli-tools": [
          "cli-tools"
        ],
        "nixpkgs": [
          "nixpkgs"
        ],
        "zen-browser": "zen-browser"
      },
      "locked": {
        "path": "common-desktop-tools",
        "type": "path"
      },
      "original": {
        "path": "common-desktop-tools",
        "type": "path"
      },
      "parent": []
    },
    "home-desktop-tools": {
      "inputs": {
        "common-desktop-tools": [
          "common-desktop-tools"
        ],
        "nixpkgs": [
          "nixpkgs"
        ]
      },
      "locked": {
        "path": "home-desktop-tools",
        "type": "path"
      },
      "original": {
        "path": "home-desktop-tools",
        "type": "path"
      },
      "parent": []
    },
    "nixpkgs": {
      "locked": {
        "lastModified": 1762596750,
        "narHash": "sha256-rXXuz51Bq7DHBlfIjN7jO8Bu3du5TV+3DSADBX7/9YQ=",
        "owner": "NixOS",
        "repo": "nixpkgs",
        "rev": "b6a8526db03f735b89dd5ff348f53f752e7ddc8e",
        "type": "github"
      },
      "original": {
        "owner": "NixOS",
        "ref": "nixos-unstable",
        "repo": "nixpkgs",
        "type": "github"
      }
    },
    "root": {
      "inputs": {
        "cli-tools": "cli-tools",
        "common-desktop-tools": "common-desktop-tools",
        "home-desktop-tools": "home-desktop-tools",
        "nixpkgs": "nixpkgs",
        "surface-laptop-tools": "surface-laptop-tools",
        "work-desktop-tools": "work-desktop-tools"
      }
    },
    "rust-overlay": {
      "inputs": {
        "nixpkgs": [
          "cli-tools",
          "nixpkgs"
        ]
      },
      "locked": {
        "lastModified": 1756089517,
        "narHash": "sha256-KGinVKturJFPrRebgvyUB1BUNqf1y9FN+tSJaTPlnFE=",
        "owner": "oxalica",
        "repo": "rust-overlay",
        "rev": "44774c8c83cd392c50914f86e1ff75ef8619f1cd",
        "type": "github"
      },
      "original": {
        "owner": "oxalica",
        "repo": "rust-overlay",
        "type": "github"
      }
    },
    "surface-laptop-tools": {
      "inputs": {
        "cli-tools": [
          "cli-tools"
        ],
        "nixpkgs": [
          "nixpkgs"
        ]
      },
      "locked": {
        "path": "surface-laptop-tools",
        "type": "path"
      },
      "original": {
        "path": "surface-laptop-tools",
        "type": "path"
      },
      "parent": []
    },
    "work-desktop-tools": {
      "inputs": {
        "common-desktop-tools": [
          "common-desktop-tools"
        ],
        "nixpkgs": [
          "nixpkgs"
        ]
      },
      "locked": {
        "path": "work-desktop-tools",
        "type": "path"
      },
      "original": {
        "path": "work-desktop-tools",
        "type": "path"
      },
      "parent": []
    },
    "zen-browser": {
      "inputs": {
        "nixpkgs": [
          "common-desktop-tools",
          "nixpkgs"
        ]
      },
      "locked": {
        "lastModified": 1727721329,
        "narHash": "sha256-QYlWZwUSwrM7BuO+dXclZIwoPvBIuJr6GpFKv9XKFPI=",
        "owner": "MarceColl",
        "repo": "zen-browser-flake",
        "rev": "e6ab73f405e9a2896cce5956c549a9cc359e5fcc",
        "type": "github"
      },
      "original": {
        "owner": "MarceColl",
        "repo": "zen-browser-flake",
        "type": "github"
      }
    }
  },
  "root": "root",
  "version": 7
}
